{
  "name": "simple-websocket-server",
  "version": "1.0.0",
  "lockfileVersion": 1,
  "requires": true,
  "dependencies": {
    "@types/node": {
      "version": "22.13.10",
      "resolved": "http://r.npm.sankuai.com/@types/node/download/@types/node-22.13.10.tgz",
      "integrity": "sha1-356jWMXtmRJmvswxCdwtyRJdd+Q=",
      "dev": true,
      "requires": {
        "undici-types": "~6.20.0"
      }
    },
    "@types/websocket": {
      "version": "1.0.10",
      "resolved": "http://r.npm.sankuai.com/@types/websocket/download/@types/websocket-1.0.10.tgz",
      "integrity": "sha1-gEsaAngNpSL1dCvBhKbRai63jHw=",
      "dev": true,
      "requires": {
        "@types/node": "*"
      }
    },
    "accepts": {
      "version": "1.3.8",
      "resolved": "http://r.npm.sankuai.com/accepts/download/accepts-1.3.8.tgz",
      "integrity": "sha1-C/C+EltnAUrcsLCSHmLbe//hay4=",
      "requires": {
        "mime-types": "~2.1.34",
        "negotiator": "0.6.3"
      }
    },
    "anymatch": {
      "version": "3.1.3",
      "resolved": "http://r.npm.sankuai.com/anymatch/download/anymatch-3.1.3.tgz",
      "integrity": "sha1-eQxYsZuhcgqEIFtXxhjVrYUklz4=",
      "dev": true,
      "requires": {
        "normalize-path": "^3.0.0",
        "picomatch": "^2.0.4"
      }
    },
    "array-flatten": {
      "version": "1.1.1",
      "resolved": "http://r.npm.sankuai.com/array-flatten/download/array-flatten-1.1.1.tgz",
      "integrity": "sha1-ml9pkFGx5wczKPKgCJaLZOopVdI="
    },
    "balanced-match": {
      "version": "1.0.2",
      "resolved": "http://r.npm.sankuai.com/balanced-match/download/balanced-match-1.0.2.tgz",
      "integrity": "sha1-6D46fj8wCzTLnYf2FfoMvzV2kO4=",
      "dev": true
    },
    "binary-extensions": {
      "version": "2.3.0",
      "resolved": "http://r.npm.sankuai.com/binary-extensions/download/binary-extensions-2.3.0.tgz",
      "integrity": "sha1-9uFKl4WNMnJSIAJC1Mz+UixEVSI=",
      "dev": true
    },
    "body-parser": {
      "version": "1.20.3",
      "resolved": "http://r.npm.sankuai.com/body-parser/download/body-parser-1.20.3.tgz",
      "integrity": "sha1-GVNDEiHG+1zWPEs21T+rCSjlSMY=",
      "requires": {
        "bytes": "3.1.2",
        "content-type": "~1.0.5",
        "debug": "2.6.9",
        "depd": "2.0.0",
        "destroy": "1.2.0",
        "http-errors": "2.0.0",
        "iconv-lite": "0.4.24",
        "on-finished": "2.4.1",
        "qs": "6.13.0",
        "raw-body": "2.5.2",
        "type-is": "~1.6.18",
        "unpipe": "1.0.0"
      }
    },
    "brace-expansion": {
      "version": "1.1.11",
      "resolved": "http://r.npm.sankuai.com/brace-expansion/download/brace-expansion-1.1.11.tgz",
      "integrity": "sha1-PH/L9SnYcibz0vUrlm/1Jx60Qd0=",
      "dev": true,
      "requires": {
        "balanced-match": "^1.0.0",
        "concat-map": "0.0.1"
      }
    },
    "braces": {
      "version": "3.0.3",
      "resolved": "http://r.npm.sankuai.com/braces/download/braces-3.0.3.tgz",
      "integrity": "sha1-SQMy9AkZRSJy1VqEgK3AxEE1h4k=",
      "dev": true,
      "requires": {
        "fill-range": "^7.1.1"
      }
    },
    "bytes": {
      "version": "3.1.2",
      "resolved": "http://r.npm.sankuai.com/bytes/download/bytes-3.1.2.tgz",
      "integrity": "sha1-iwvuuYYFrfGxKPpDhkA8AJ4CIaU="
    },
    "call-bind-apply-helpers": {
      "version": "1.0.2",
      "resolved": "http://r.npm.sankuai.com/call-bind-apply-helpers/download/call-bind-apply-helpers-1.0.2.tgz",
      "integrity": "sha1-S1QowiK+mF15w9gmV0edvgtZstY=",
      "requires": {
        "es-errors": "^1.3.0",
        "function-bind": "^1.1.2"
      }
    },
    "call-bound": {
      "version": "1.0.4",
      "resolved": "http://r.npm.sankuai.com/call-bound/download/call-bound-1.0.4.tgz",
      "integrity": "sha1-I43pNdKippKSjFOMfM+pEGf9Bio=",
      "requires": {
        "call-bind-apply-helpers": "^1.0.2",
        "get-intrinsic": "^1.3.0"
      }
    },
    "chokidar": {
      "version": "3.6.0",
      "resolved": "http://r.npm.sankuai.com/chokidar/download/chokidar-3.6.0.tgz",
      "integrity": "sha1-GXxsxmnvKo3F57TZfuTgksPrDVs=",
      "dev": true,
      "requires": {
        "anymatch": "~3.1.2",
        "braces": "~3.0.2",
        "fsevents": "~2.3.2",
        "glob-parent": "~5.1.2",
        "is-binary-path": "~2.1.0",
        "is-glob": "~4.0.1",
        "normalize-path": "~3.0.0",
        "readdirp": "~3.6.0"
      }
    },
    "concat-map": {
      "version": "0.0.1",
      "resolved": "http://r.npm.sankuai.com/concat-map/download/concat-map-0.0.1.tgz",
      "integrity": "sha1-2Klr13/Wjfd5OnMDajug1UBdR3s=",
      "dev": true
    },
    "content-disposition": {
      "version": "0.5.4",
      "resolved": "http://r.npm.sankuai.com/content-disposition/download/content-disposition-0.5.4.tgz",
      "integrity": "sha1-i4K076yCUSoCuwsdzsnSxejrW/4=",
      "requires": {
        "safe-buffer": "5.2.1"
      }
    },
    "content-type": {
      "version": "1.0.5",
      "resolved": "http://r.npm.sankuai.com/content-type/download/content-type-1.0.5.tgz",
      "integrity": "sha1-i3cxYmVtHRCGeEyPI6VM5tc9eRg="
    },
    "cookie": {
      "version": "0.7.1",
      "resolved": "http://r.npm.sankuai.com/cookie/download/cookie-0.7.1.tgz",
      "integrity": "sha1-L3PEIULV1c9xMQp0/ErmFnDl28k="
    },
    "cookie-signature": {
      "version": "1.0.6",
      "resolved": "http://r.npm.sankuai.com/cookie-signature/download/cookie-signature-1.0.6.tgz",
      "integrity": "sha1-4wOogrNCzD7oylE6eZmXNNqzriw="
    },
    "debug": {
      "version": "2.6.9",
      "resolved": "http://r.npm.sankuai.com/debug/download/debug-2.6.9.tgz",
      "integrity": "sha1-XRKFFd8TT/Mn6QpMk/Tgd6U2NB8=",
      "requires": {
        "ms": "2.0.0"
      }
    },
    "depd": {
      "version": "2.0.0",
      "resolved": "http://r.npm.sankuai.com/depd/download/depd-2.0.0.tgz",
      "integrity": "sha1-tpYWPMdXVg0JzyLMj60Vcbeedt8="
    },
    "destroy": {
      "version": "1.2.0",
      "resolved": "http://r.npm.sankuai.com/destroy/download/destroy-1.2.0.tgz",
      "integrity": "sha1-SANzVQmti+VSk0xn32FPlOZvoBU="
    },
    "dunder-proto": {
      "version": "1.0.1",
      "resolved": "http://r.npm.sankuai.com/dunder-proto/download/dunder-proto-1.0.1.tgz",
      "integrity": "sha1-165mfh3INIL4tw/Q9u78UNow9Yo=",
      "requires": {
        "call-bind-apply-helpers": "^1.0.1",
        "es-errors": "^1.3.0",
        "gopd": "^1.2.0"
      }
    },
    "ee-first": {
      "version": "1.1.1",
      "resolved": "http://r.npm.sankuai.com/ee-first/download/ee-first-1.1.1.tgz",
      "integrity": "sha1-WQxhFWsK4vTwJVcyoViyZrxWsh0="
    },
    "encodeurl": {
      "version": "2.0.0",
      "resolved": "http://r.npm.sankuai.com/encodeurl/download/encodeurl-2.0.0.tgz",
      "integrity": "sha1-e46omAd9fkCdOsRUdOo46vCFelg="
    },
    "es-define-property": {
      "version": "1.0.1",
      "resolved": "http://r.npm.sankuai.com/es-define-property/download/es-define-property-1.0.1.tgz",
      "integrity": "sha1-mD6y+aZyTpMD9hrd8BHHLgngsPo="
    },
    "es-errors": {
      "version": "1.3.0",
      "resolved": "http://r.npm.sankuai.com/es-errors/download/es-errors-1.3.0.tgz",
      "integrity": "sha1-BfdaJdq5jk+x3NXhRywFRtUFfI8="
    },
    "es-object-atoms": {
      "version": "1.1.1",
      "resolved": "http://r.npm.sankuai.com/es-object-atoms/download/es-object-atoms-1.1.1.tgz",
      "integrity": "sha1-HE8sSDcydZfOadLKGQp/3RcjOME=",
      "requires": {
        "es-errors": "^1.3.0"
      }
    },
    "escape-html": {
      "version": "1.0.3",
      "resolved": "http://r.npm.sankuai.com/escape-html/download/escape-html-1.0.3.tgz",
      "integrity": "sha1-Aljq5NPQwJdN4cFpGI7wBR0dGYg="
    },
    "etag": {
      "version": "1.8.1",
      "resolved": "http://r.npm.sankuai.com/etag/download/etag-1.8.1.tgz",
      "integrity": "sha1-Qa4u62XvpiJorr/qg6x9eSmbCIc="
    },
    "express": {
      "version": "4.21.2",
      "resolved": "http://r.npm.sankuai.com/express/download/express-4.21.2.tgz",
      "integrity": "sha1-zyUOSDYhdOrWzqSlZqvvAWLB7DI=",
      "requires": {
        "accepts": "~1.3.8",
        "array-flatten": "1.1.1",
        "body-parser": "1.20.3",
        "content-disposition": "0.5.4",
        "content-type": "~1.0.4",
        "cookie": "0.7.1",
        "cookie-signature": "1.0.6",
        "debug": "2.6.9",
        "depd": "2.0.0",
        "encodeurl": "~2.0.0",
        "escape-html": "~1.0.3",
        "etag": "~1.8.1",
        "finalhandler": "1.3.1",
        "fresh": "0.5.2",
        "http-errors": "2.0.0",
        "merge-descriptors": "1.0.3",
        "methods": "~1.1.2",
        "on-finished": "2.4.1",
        "parseurl": "~1.3.3",
        "path-to-regexp": "0.1.12",
        "proxy-addr": "~2.0.7",
        "qs": "6.13.0",
        "range-parser": "~1.2.1",
        "safe-buffer": "5.2.1",
        "send": "0.19.0",
        "serve-static": "1.16.2",
        "setprototypeof": "1.2.0",
        "statuses": "2.0.1",
        "type-is": "~1.6.18",
        "utils-merge": "1.0.1",
        "vary": "~1.1.2"
      }
    },
    "fill-range": {
      "version": "7.1.1",
      "resolved": "http://r.npm.sankuai.com/fill-range/download/fill-range-7.1.1.tgz",
      "integrity": "sha1-RCZdPKwH4+p9wkdRY4BkN1SgUpI=",
      "dev": true,
      "requires": {
        "to-regex-range": "^5.0.1"
      }
    },
    "finalhandler": {
      "version": "1.3.1",
      "resolved": "http://r.npm.sankuai.com/finalhandler/download/finalhandler-1.3.1.tgz",
      "integrity": "sha1-DFdfHR0yTd0do1rX7OPffRkIgBk=",
      "requires": {
        "debug": "2.6.9",
        "encodeurl": "~2.0.0",
        "escape-html": "~1.0.3",
        "on-finished": "2.4.1",
        "parseurl": "~1.3.3",
        "statuses": "2.0.1",
        "unpipe": "~1.0.0"
      }
    },
    "forwarded": {
      "version": "0.2.0",
      "resolved": "http://r.npm.sankuai.com/forwarded/download/forwarded-0.2.0.tgz",
      "integrity": "sha1-ImmTZCiq1MFcfr6XeahL8LKoGBE="
    },
    "fresh": {
      "version": "0.5.2",
      "resolved": "http://r.npm.sankuai.com/fresh/download/fresh-0.5.2.tgz",
      "integrity": "sha1-PYyt2Q2XZWn6g1qx+OSyOhBWBac="
    },
    "fsevents": {
      "version": "2.3.3",
      "resolved": "http://r.npm.sankuai.com/fsevents/download/fsevents-2.3.3.tgz",
      "integrity": "sha1-ysZAd4XQNnWipeGlMFxpezR9kNY=",
      "dev": true,
      "optional": true
    },
    "function-bind": {
      "version": "1.1.2",
      "resolved": "http://r.npm.sankuai.com/function-bind/download/function-bind-1.1.2.tgz",
      "integrity": "sha1-LALYZNl/PqbIgwxGTL0Rq26rehw="
    },
    "get-intrinsic": {
      "version": "1.3.0",
      "resolved": "http://r.npm.sankuai.com/get-intrinsic/download/get-intrinsic-1.3.0.tgz",
      "integrity": "sha1-dD8OO2lkqTpUke0b/6rgVNf5jQE=",
      "requires": {
        "call-bind-apply-helpers": "^1.0.2",
        "es-define-property": "^1.0.1",
        "es-errors": "^1.3.0",
        "es-object-atoms": "^1.1.1",
        "function-bind": "^1.1.2",
        "get-proto": "^1.0.1",
        "gopd": "^1.2.0",
        "has-symbols": "^1.1.0",
        "hasown": "^2.0.2",
        "math-intrinsics": "^1.1.0"
      }
    },
    "get-proto": {
      "version": "1.0.1",
      "resolved": "http://r.npm.sankuai.com/get-proto/download/get-proto-1.0.1.tgz",
      "integrity": "sha1-FQs/J0OGnvPoUewMSdFbHRTQDuE=",
      "requires": {
        "dunder-proto": "^1.0.1",
        "es-object-atoms": "^1.0.0"
      }
    },
    "glob-parent": {
      "version": "5.1.2",
      "resolved": "http://r.npm.sankuai.com/glob-parent/download/glob-parent-5.1.2.tgz",
      "integrity": "sha1-hpgyxYA0/mikCTwX3BXoNA2EAcQ=",
      "dev": true,
      "requires": {
        "is-glob": "^4.0.1"
      }
    },
    "gopd": {
      "version": "1.2.0",
      "resolved": "http://r.npm.sankuai.com/gopd/download/gopd-1.2.0.tgz",
      "integrity": "sha1-ifVrghe9vIgCvSmd9tfxCB1+UaE="
    },
    "has-flag": {
      "version": "3.0.0",
      "resolved": "http://r.npm.sankuai.com/has-flag/download/has-flag-3.0.0.tgz",
      "integrity": "sha1-tdRU3CGZriJWmfNGfloH87lVuv0=",
      "dev": true
    },
    "has-symbols": {
      "version": "1.1.0",
      "resolved": "http://r.npm.sankuai.com/has-symbols/download/has-symbols-1.1.0.tgz",
      "integrity": "sha1-/JxqeDoISVHQuXH+EBjegTcHozg="
    },
    "hasown": {
      "version": "2.0.2",
      "resolved": "http://r.npm.sankuai.com/hasown/download/hasown-2.0.2.tgz",
      "integrity": "sha1-AD6vkb563DcuhOxZ3DclLO24AAM=",
      "requires": {
        "function-bind": "^1.1.2"
      }
    },
    "http-errors": {
      "version": "2.0.0",
      "resolved": "http://r.npm.sankuai.com/http-errors/download/http-errors-2.0.0.tgz",
      "integrity": "sha1-t3dKFIbvc892Z6ya4IWMASxXudM=",
      "requires": {
        "depd": "2.0.0",
        "inherits": "2.0.4",
        "setprototypeof": "1.2.0",
        "statuses": "2.0.1",
        "toidentifier": "1.0.1"
      }
    },
    "iconv-lite": {
      "version": "0.4.24",
      "resolved": "http://r.npm.sankuai.com/iconv-lite/download/iconv-lite-0.4.24.tgz",
      "integrity": "sha1-ICK0sl+93CHS9SSXSkdKr+czkIs=",
      "requires": {
        "safer-buffer": ">= 2.1.2 < 3"
      }
    },
    "ignore-by-default": {
      "version": "1.0.1",
      "resolved": "http://r.npm.sankuai.com/ignore-by-default/download/ignore-by-default-1.0.1.tgz",
      "integrity": "sha1-SMptcvbGo68Aqa1K5odr44ieKwk=",
      "dev": true
    },
    "inherits": {
      "version": "2.0.4",
      "resolved": "http://r.npm.sankuai.com/inherits/download/inherits-2.0.4.tgz",
      "integrity": "sha1-D6LGT5MpF8NDOg3tVTY6rjdBa3w="
    },
    "ipaddr.js": {
      "version": "1.9.1",
      "resolved": "http://r.npm.sankuai.com/ipaddr.js/download/ipaddr.js-1.9.1.tgz",
      "integrity": "sha1-v/OFQ+64mEglB5/zoqjmy9RngbM="
    },
    "is-binary-path": {
      "version": "2.1.0",
      "resolved": "http://r.npm.sankuai.com/is-binary-path/download/is-binary-path-2.1.0.tgz",
      "integrity": "sha1-6h9/O4DwZCNug0cPhsCcJU+0Wwk=",
      "dev": true,
      "requires": {
        "binary-extensions": "^2.0.0"
      }
    },
    "is-extglob": {
      "version": "2.1.1",
      "resolved": "http://r.npm.sankuai.com/is-extglob/download/is-extglob-2.1.1.tgz",
      "integrity": "sha1-qIwCU1eR8C7TfHahueqXc8gz+MI=",
      "dev": true
    },
    "is-glob": {
      "version": "4.0.3",
      "resolved": "http://r.npm.sankuai.com/is-glob/download/is-glob-4.0.3.tgz",
      "integrity": "sha1-ZPYeQsu7LuwgcanawLKLoeZdUIQ=",
      "dev": true,
      "requires": {
        "is-extglob": "^2.1.1"
      }
    },
    "is-number": {
      "version": "7.0.0",
      "resolved": "http://r.npm.sankuai.com/is-number/download/is-number-7.0.0.tgz",
      "integrity": "sha1-dTU0W4lnNNX4DE0GxQlVUnoU8Ss=",
      "dev": true
    },
    "math-intrinsics": {
      "version": "1.1.0",
      "resolved": "http://r.npm.sankuai.com/math-intrinsics/download/math-intrinsics-1.1.0.tgz",
      "integrity": "sha1-oN10voHiqlwvJ+Zc4oNgXuTit/k="
    },
    "media-typer": {
      "version": "0.3.0",
      "resolved": "http://r.npm.sankuai.com/media-typer/download/media-typer-0.3.0.tgz",
      "integrity": "sha1-hxDXrwqmJvj/+hzgAWhUUmMlV0g="
    },
    "merge-descriptors": {
      "version": "1.0.3",
      "resolved": "http://r.npm.sankuai.com/merge-descriptors/download/merge-descriptors-1.0.3.tgz",
      "integrity": "sha1-2AMZpl88eTU1Hlz9rI+TGFBNvtU="
    },
    "methods": {
      "version": "1.1.2",
      "resolved": "http://r.npm.sankuai.com/methods/download/methods-1.1.2.tgz",
      "integrity": "sha1-VSmk1nZUE07cxSZmVoNbD4Ua/O4="
    },
    "mime": {
      "version": "1.6.0",
      "resolved": "http://r.npm.sankuai.com/mime/download/mime-1.6.0.tgz",
      "integrity": "sha1-Ms2eXGRVO9WNGaVor0Uqz/BJgbE="
    },
    "mime-db": {
      "version": "1.52.0",
      "resolved": "http://r.npm.sankuai.com/mime-db/download/mime-db-1.52.0.tgz",
      "integrity": "sha1-u6vNwChZ9JhzAchW4zh85exDv3A="
    },
    "mime-types": {
      "version": "2.1.35",
      "resolved": "http://r.npm.sankuai.com/mime-types/download/mime-types-2.1.35.tgz",
      "integrity": "sha1-OBqHG2KnNEUGYK497uRIE/cNlZo=",
      "requires": {
        "mime-db": "1.52.0"
      }
    },
    "minimatch": {
      "version": "3.1.2",
      "resolved": "http://r.npm.sankuai.com/minimatch/download/minimatch-3.1.2.tgz",
      "integrity": "sha1-Gc0ZS/0+Qo8EmnCBfAONiatL41s=",
      "dev": true,
      "requires": {
        "brace-expansion": "^1.1.7"
      }
    },
    "ms": {
      "version": "2.0.0",
      "resolved": "http://r.npm.sankuai.com/ms/download/ms-2.0.0.tgz",
      "integrity": "sha1-VgiurfwAvmwpAd9fmGF4jeDVl8g="
    },
    "negotiator": {
      "version": "0.6.3",
      "resolved": "http://r.npm.sankuai.com/negotiator/download/negotiator-0.6.3.tgz",
      "integrity": "sha1-WOMjpy/twNb5zU0x/kn1FHlZDM0="
    },
    "nodejs-websocket": {
      "version": "1.7.2",
      "resolved": "http://r.npm.sankuai.com/nodejs-websocket/download/nodejs-websocket-1.7.2.tgz",
      "integrity": "sha1-lKvR4kj1fU0cZj3sODEBXG2tmKY="
    },
    "nodemon": {
      "version": "3.1.9",
      "resolved": "http://r.npm.sankuai.com/nodemon/download/nodemon-3.1.9.tgz",
      "integrity": "sha1-31As3DsSDhw8DG5BUjSQGe+nOHs=",
      "dev": true,
      "requires": {
        "chokidar": "^3.5.2",
        "debug": "^4",
        "ignore-by-default": "^1.0.1",
        "minimatch": "^3.1.2",
        "pstree.remy": "^1.1.8",
        "semver": "^7.5.3",
        "simple-update-notifier": "^2.0.0",
        "supports-color": "^5.5.0",
        "touch": "^3.1.0",
        "undefsafe": "^2.0.5"
      },
      "dependencies": {
        "debug": {
          "version": "4.4.0",
          "resolved": "http://r.npm.sankuai.com/debug/download/debug-4.4.0.tgz",
          "integrity": "sha1-Kz8q6i/+t3ZHdGAmc3fchxD6uoo=",
          "dev": true,
          "requires": {
            "ms": "^2.1.3"
          }
        },
        "ms": {
          "version": "2.1.3",
          "resolved": "http://r.npm.sankuai.com/ms/download/ms-2.1.3.tgz",
          "integrity": "sha1-V0yBOM4dK1hh8LRFedut1gxmFbI=",
          "dev": true
        }
      }
    },
    "normalize-path": {
      "version": "3.0.0",
      "resolved": "http://r.npm.sankuai.com/normalize-path/download/normalize-path-3.0.0.tgz",
      "integrity": "sha1-Dc1p/yOhybEf0JeDFmRKA4ghamU=",
      "dev": true
    },
    "object-inspect": {
      "version": "1.13.4",
      "resolved": "http://r.npm.sankuai.com/object-inspect/download/object-inspect-1.13.4.tgz",
      "integrity": "sha1-g3UmXiG8IND6WCwi4bE0hdbgAhM="
    },
    "on-finished": {
      "version": "2.4.1",
      "resolved": "http://r.npm.sankuai.com/on-finished/download/on-finished-2.4.1.tgz",
      "integrity": "sha1-WMjEQRblSEWtV/FKsQsDUzGErD8=",
      "requires": {
        "ee-first": "1.1.1"
      }
    },
    "parseurl": {
      "version": "1.3.3",
      "resolved": "http://r.npm.sankuai.com/parseurl/download/parseurl-1.3.3.tgz",
      "integrity": "sha1-naGee+6NEt/wUT7Vt2lXeTvC6NQ="
    },
    "path-to-regexp": {
      "version": "0.1.12",
      "resolved": "http://r.npm.sankuai.com/path-to-regexp/download/path-to-regexp-0.1.12.tgz",
      "integrity": "sha1-1eGhLkeKl21DLvPFjVNLmSMWS7c="
    },
    "picomatch": {
      "version": "2.3.1",
      "resolved": "http://r.npm.sankuai.com/picomatch/download/picomatch-2.3.1.tgz",
      "integrity": "sha1-O6ODNzNkbZ0+SZWUbBNlpn+wekI=",
      "dev": true
    },
    "proxy-addr": {
      "version": "2.0.7",
      "resolved": "http://r.npm.sankuai.com/proxy-addr/download/proxy-addr-2.0.7.tgz",
      "integrity": "sha1-8Z/mnOqzEe65S0LnDowgcPm6ECU=",
      "requires": {
        "forwarded": "0.2.0",
        "ipaddr.js": "1.9.1"
      }
    },
    "pstree.remy": {
      "version": "1.1.8",
      "resolved": "http://r.npm.sankuai.com/pstree.remy/download/pstree.remy-1.1.8.tgz",
      "integrity": "sha1-wkIiT0pnwh9oaDm720rCgrg3PTo=",
      "dev": true
    },
    "qs": {
      "version": "6.13.0",
      "resolved": "http://r.npm.sankuai.com/qs/download/qs-6.13.0.tgz",
      "integrity": "sha1-bKO9WEOffiRWVXmJl3h7DYilGQY=",
      "requires": {
        "side-channel": "^1.0.6"
      }
    },
    "range-parser": {
      "version": "1.2.1",
      "resolved": "http://r.npm.sankuai.com/range-parser/download/range-parser-1.2.1.tgz",
      "integrity": "sha1-PPNwI9GZ4cJNGlW4SADC8+ZGgDE="
    },
    "raw-body": {
      "version": "2.5.2",
      "resolved": "http://r.npm.sankuai.com/raw-body/download/raw-body-2.5.2.tgz",
      "integrity": "sha1-mf69g7kOCJdQh+jx+UGaFJNmtoo=",
      "requires": {
        "bytes": "3.1.2",
        "http-errors": "2.0.0",
        "iconv-lite": "0.4.24",
        "unpipe": "1.0.0"
      }
    },
    "readdirp": {
      "version": "3.6.0",
      "resolved": "http://r.npm.sankuai.com/readdirp/download/readdirp-3.6.0.tgz",
      "integrity": "sha1-dKNwvYVxFuJFspzJc0DNQxoCpsc=",
      "dev": true,
      "requires": {
        "picomatch": "^2.2.1"
      }
    },
    "safe-buffer": {
      "version": "5.2.1",
      "resolved": "http://r.npm.sankuai.com/safe-buffer/download/safe-buffer-5.2.1.tgz",
      "integrity": "sha1-Hq+fqb2x/dTsdfWPnNtOa3gn7sY="
    },
    "safer-buffer": {
      "version": "2.1.2",
      "resolved": "http://r.npm.sankuai.com/safer-buffer/download/safer-buffer-2.1.2.tgz",
      "integrity": "sha1-RPoWGwGHuVSd2Eu5GAL5vYOFzWo="
    },
    "semver": {
      "version": "7.7.1",
      "resolved": "http://r.npm.sankuai.com/semver/download/semver-7.7.1.tgz",
      "integrity": "sha1-q9UJjYKxjGyB9gdP8mR/0+ciDJ8=",
      "dev": true
    },
    "send": {
      "version": "0.19.0",
      "resolved": "http://r.npm.sankuai.com/send/download/send-0.19.0.tgz",
      "integrity": "sha1-u8WjiMjqbASJZwSdvqwOSj8J1/g=",
      "requires": {
        "debug": "2.6.9",
        "depd": "2.0.0",
        "destroy": "1.2.0",
        "encodeurl": "~1.0.2",
        "escape-html": "~1.0.3",
        "etag": "~1.8.1",
        "fresh": "0.5.2",
        "http-errors": "2.0.0",
        "mime": "1.6.0",
        "ms": "2.1.3",
        "on-finished": "2.4.1",
        "range-parser": "~1.2.1",
        "statuses": "2.0.1"
      },
      "dependencies": {
        "encodeurl": {
          "version": "1.0.2",
          "resolved": "http://r.npm.sankuai.com/encodeurl/download/encodeurl-1.0.2.tgz",
          "integrity": "sha1-rT/0yG7C0CkyL1oCw6mmBslbP1k="
        },
        "ms": {
          "version": "2.1.3",
          "resolved": "http://r.npm.sankuai.com/ms/download/ms-2.1.3.tgz",
          "integrity": "sha1-V0yBOM4dK1hh8LRFedut1gxmFbI="
        }
      }
    },
    "serve-static": {
      "version": "1.16.2",
      "resolved": "http://r.npm.sankuai.com/serve-static/download/serve-static-1.16.2.tgz",
      "integrity": "sha1-tqU0PaR/a90mc4SL9FdUlB6AMpY=",
      "requires": {
        "encodeurl": "~2.0.0",
        "escape-html": "~1.0.3",
        "parseurl": "~1.3.3",
        "send": "0.19.0"
      }
    },
    "setprototypeof": {
      "version": "1.2.0",
      "resolved": "http://r.npm.sankuai.com/setprototypeof/download/setprototypeof-1.2.0.tgz",
      "integrity": "sha1-ZsmiSnP5/CjL5msJ/tPTPcrxtCQ="
    },
    "side-channel": {
      "version": "1.1.0",
      "resolved": "http://r.npm.sankuai.com/side-channel/download/side-channel-1.1.0.tgz",
      "integrity": "sha1-w/z/nE2pMnhIczNeyXZfqU/2a8k=",
      "requires": {
        "es-errors": "^1.3.0",
        "object-inspect": "^1.13.3",
        "side-channel-list": "^1.0.0",
        "side-channel-map": "^1.0.1",
        "side-channel-weakmap": "^1.0.2"
      }
    },
    "side-channel-list": {
      "version": "1.0.0",
      "resolved": "http://r.npm.sankuai.com/side-channel-list/download/side-channel-list-1.0.0.tgz",
      "integrity": "sha1-EMtZhCYxFdO3oOM2WR4pCoMK+K0=",
      "requires": {
        "es-errors": "^1.3.0",
        "object-inspect": "^1.13.3"
      }
    },
    "side-channel-map": {
      "version": "1.0.1",
      "resolved": "http://r.npm.sankuai.com/side-channel-map/download/side-channel-map-1.0.1.tgz",
      "integrity": "sha1-1rtrN5Asb+9RdOX1M/q0xzKib0I=",
      "requires": {
        "call-bound": "^1.0.2",
        "es-errors": "^1.3.0",
        "get-intrinsic": "^1.2.5",
        "object-inspect": "^1.13.3"
      }
    },
    "side-channel-weakmap": {
      "version": "1.0.2",
      "resolved": "http://r.npm.sankuai.com/side-channel-weakmap/download/side-channel-weakmap-1.0.2.tgz",
      "integrity": "sha1-Ed2hnVNo5Azp7CvcH7DsvAeQ7Oo=",
      "requires": {
        "call-bound": "^1.0.2",
        "es-errors": "^1.3.0",
        "get-intrinsic": "^1.2.5",
        "object-inspect": "^1.13.3",
        "side-channel-map": "^1.0.1"
      }
    },
    "simple-update-notifier": {
      "version": "2.0.0",
      "resolved": "http://r.npm.sankuai.com/simple-update-notifier/download/simple-update-notifier-2.0.0.tgz",
      "integrity": "sha1-1wuSvat9bZDf1zkxGVowtuPXzrs=",
      "dev": true,
      "requires": {
        "semver": "^7.5.3"
      }
    },
    "statuses": {
      "version": "2.0.1",
      "resolved": "http://r.npm.sankuai.com/statuses/download/statuses-2.0.1.tgz",
      "integrity": "sha1-VcsADM8dSHKL0jxoWgY5mM8aG2M="
    },
    "supports-color": {
      "version": "5.5.0",
      "resolved": "http://r.npm.sankuai.com/supports-color/download/supports-color-5.5.0.tgz",
      "integrity": "sha1-4uaaRKyHcveKHsCzW2id9lMO/I8=",
      "dev": true,
      "requires": {
        "has-flag": "^3.0.0"
      }
    },
    "to-regex-range": {
      "version": "5.0.1",
      "resolved": "http://r.npm.sankuai.com/to-regex-range/download/to-regex-range-5.0.1.tgz",
      "integrity": "sha1-FkjESq58jZiKMmAY7XL1tN0DkuQ=",
      "dev": true,
      "requires": {
        "is-number": "^7.0.0"
      }
    },
    "toidentifier": {
      "version": "1.0.1",
      "resolved": "http://r.npm.sankuai.com/toidentifier/download/toidentifier-1.0.1.tgz",
      "integrity": "sha1-O+NDIaiKgg7RvYDfqjPkefu43TU="
    },
    "touch": {
      "version": "3.1.1",
      "resolved": "http://r.npm.sankuai.com/touch/download/touch-3.1.1.tgz",
      "integrity": "sha1-CXoj17FhR2Q15cE0SpXA91tKVpQ=",
      "dev": true
    },
    "type-is": {
      "version": "1.6.18",
      "resolved": "http://r.npm.sankuai.com/type-is/download/type-is-1.6.18.tgz",
      "integrity": "sha1-TlUs0F3wlGfcvE73Od6J8s83wTE=",
      "requires": {
        "media-typer": "0.3.0",
        "mime-types": "~2.1.24"
      }
    },
    "typescript": {
      "version": "5.8.2",
      "resolved": "http://r.npm.sankuai.com/typescript/download/typescript-5.8.2.tgz",
      "integrity": "sha1-gXCzcC90t52y5aliB8FeZYB5meQ=",
      "dev": true
    },
    "undefsafe": {
      "version": "2.0.5",
      "resolved": "http://r.npm.sankuai.com/undefsafe/download/undefsafe-2.0.5.tgz",
      "integrity": "sha1-OHM7kye9zSJtuIn7cjpu/RYubiw=",
      "dev": true
    },
    "undici-types": {
      "version": "6.20.0",
      "resolved": "http://r.npm.sankuai.com/undici-types/download/undici-types-6.20.0.tgz",
      "integrity": "sha1-gXG/IsH1iNFVTVW/IEvGJK84hDM=",
      "dev": true
    },
    "unpipe": {
      "version": "1.0.0",
      "resolved": "http://r.npm.sankuai.com/unpipe/download/unpipe-1.0.0.tgz",
      "integrity": "sha1-sr9O6FFKrmFltIF4KdIbLvSZBOw="
    },
    "utils-merge": {
      "version": "1.0.1",
      "resolved": "http://r.npm.sankuai.com/utils-merge/download/utils-merge-1.0.1.tgz",
      "integrity": "sha1-n5VxD1CiZ5R7LMwSR0HBAoQn5xM="
    },
    "vary": {
      "version": "1.1.2",
      "resolved": "http://r.npm.sankuai.com/vary/download/vary-1.1.2.tgz",
      "integrity": "sha1-IpnwLG3tMNSllhsLn3RSShj2NPw="
    }
  }
}
