{
  "name": "wxcloudrun-express",
  "version": "1.0.0",
  "lockfileVersion": 1,
  "requires": true,
  "dependencies": {
    "@socket.io/component-emitter": {
      "version": "3.1.2",
      "resolved": "http://r.npm.sankuai.com/@socket.io/component-emitter/download/@socket.io/component-emitter-3.1.2.tgz",
      "integrity": "sha1-gh+EQvQXXY8EZ7na8m46GOLQKvI="
    },
    "@types/cors": {
      "version": "2.8.17",
      "resolved": "http://r.npm.sankuai.com/@types/cors/download/@types/cors-2.8.17.tgz",
      "integrity": "sha1-XXGKXklKgWb1admGeU5JxIshays=",
      "requires": {
        "@types/node": "*"
      }
    },
    "@types/node": {
      "version": "22.13.10",
      "resolved": "http://r.npm.sankuai.com/@types/node/download/@types/node-22.13.10.tgz",
      "integrity": "sha1-356jWMXtmRJmvswxCdwtyRJdd+Q=",
      "requires": {
        "undici-types": "~6.20.0"
      }
    },
    "accepts": {
      "version": "1.3.8",
      "resolved": "http://r.npm.sankuai.com/accepts/download/accepts-1.3.8.tgz",
      "integrity": "sha1-C/C+EltnAUrcsLCSHmLbe//hay4=",
      "requires": {
        "mime-types": "~2.1.34",
        "negotiator": "0.6.3"
      }
    },
    "array-flatten": {
      "version": "1.1.1",
      "resolved": "http://r.npm.sankuai.com/array-flatten/download/array-flatten-1.1.1.tgz",
      "integrity": "sha1-ml9pkFGx5wczKPKgCJaLZOopVdI="
    },
    "base64id": {
      "version": "2.0.0",
      "resolved": "http://r.npm.sankuai.com/base64id/download/base64id-2.0.0.tgz",
      "integrity": "sha1-J3Csa8R9MSr5eov5pjQ0LgzSXLY="
    },
    "basic-auth": {
      "version": "2.0.1",
      "resolved": "http://r.npm.sankuai.com/basic-auth/download/basic-auth-2.0.1.tgz",
      "integrity": "sha1-uZgnm/R844NEtPPPkW1Gebv1Hjo=",
      "requires": {
        "safe-buffer": "5.1.2"
      },
      "dependencies": {
        "safe-buffer": {
          "version": "5.1.2",
          "resolved": "http://r.npm.sankuai.com/safe-buffer/download/safe-buffer-5.1.2.tgz",
          "integrity": "sha1-mR7GnSluAxN0fVm9/St0XDX4go0="
        }
      }
    },
    "body-parser": {
      "version": "1.20.3",
      "resolved": "http://r.npm.sankuai.com/body-parser/download/body-parser-1.20.3.tgz",
      "integrity": "sha1-GVNDEiHG+1zWPEs21T+rCSjlSMY=",
      "requires": {
        "bytes": "3.1.2",
        "content-type": "~1.0.5",
        "debug": "2.6.9",
        "depd": "2.0.0",
        "destroy": "1.2.0",
        "http-errors": "2.0.0",
        "iconv-lite": "0.4.24",
        "on-finished": "2.4.1",
        "qs": "6.13.0",
        "raw-body": "2.5.2",
        "type-is": "~1.6.18",
        "unpipe": "1.0.0"
      }
    },
    "bytes": {
      "version": "3.1.2",
      "resolved": "http://r.npm.sankuai.com/bytes/download/bytes-3.1.2.tgz",
      "integrity": "sha1-iwvuuYYFrfGxKPpDhkA8AJ4CIaU="
    },
    "call-bind-apply-helpers": {
      "version": "1.0.2",
      "resolved": "http://r.npm.sankuai.com/call-bind-apply-helpers/download/call-bind-apply-helpers-1.0.2.tgz",
      "integrity": "sha1-S1QowiK+mF15w9gmV0edvgtZstY=",
      "requires": {
        "es-errors": "^1.3.0",
        "function-bind": "^1.1.2"
      }
    },
    "call-bound": {
      "version": "1.0.4",
      "resolved": "http://r.npm.sankuai.com/call-bound/download/call-bound-1.0.4.tgz",
      "integrity": "sha1-I43pNdKippKSjFOMfM+pEGf9Bio=",
      "requires": {
        "call-bind-apply-helpers": "^1.0.2",
        "get-intrinsic": "^1.3.0"
      }
    },
    "content-disposition": {
      "version": "0.5.4",
      "resolved": "http://r.npm.sankuai.com/content-disposition/download/content-disposition-0.5.4.tgz",
      "integrity": "sha1-i4K076yCUSoCuwsdzsnSxejrW/4=",
      "requires": {
        "safe-buffer": "5.2.1"
      }
    },
    "content-type": {
      "version": "1.0.5",
      "resolved": "http://r.npm.sankuai.com/content-type/download/content-type-1.0.5.tgz",
      "integrity": "sha1-i3cxYmVtHRCGeEyPI6VM5tc9eRg="
    },
    "cookie": {
      "version": "0.7.1",
      "resolved": "http://r.npm.sankuai.com/cookie/download/cookie-0.7.1.tgz",
      "integrity": "sha1-L3PEIULV1c9xMQp0/ErmFnDl28k="
    },
    "cookie-signature": {
      "version": "1.0.6",
      "resolved": "http://r.npm.sankuai.com/cookie-signature/download/cookie-signature-1.0.6.tgz",
      "integrity": "sha1-4wOogrNCzD7oylE6eZmXNNqzriw="
    },
    "cors": {
      "version": "2.8.5",
      "resolved": "http://r.npm.sankuai.com/cors/download/cors-2.8.5.tgz",
      "integrity": "sha1-6sEdpRWS3Ya58G9uesKTs9+HXSk=",
      "requires": {
        "object-assign": "^4",
        "vary": "^1"
      }
    },
    "debug": {
      "version": "2.6.9",
      "resolved": "http://r.npm.sankuai.com/debug/download/debug-2.6.9.tgz",
      "integrity": "sha1-XRKFFd8TT/Mn6QpMk/Tgd6U2NB8=",
      "requires": {
        "ms": "2.0.0"
      }
    },
    "depd": {
      "version": "2.0.0",
      "resolved": "http://r.npm.sankuai.com/depd/download/depd-2.0.0.tgz",
      "integrity": "sha1-tpYWPMdXVg0JzyLMj60Vcbeedt8="
    },
    "destroy": {
      "version": "1.2.0",
      "resolved": "http://r.npm.sankuai.com/destroy/download/destroy-1.2.0.tgz",
      "integrity": "sha1-SANzVQmti+VSk0xn32FPlOZvoBU="
    },
    "dunder-proto": {
      "version": "1.0.1",
      "resolved": "http://r.npm.sankuai.com/dunder-proto/download/dunder-proto-1.0.1.tgz",
      "integrity": "sha1-165mfh3INIL4tw/Q9u78UNow9Yo=",
      "requires": {
        "call-bind-apply-helpers": "^1.0.1",
        "es-errors": "^1.3.0",
        "gopd": "^1.2.0"
      }
    },
    "ee-first": {
      "version": "1.1.1",
      "resolved": "http://r.npm.sankuai.com/ee-first/download/ee-first-1.1.1.tgz",
      "integrity": "sha1-WQxhFWsK4vTwJVcyoViyZrxWsh0="
    },
    "encodeurl": {
      "version": "2.0.0",
      "resolved": "http://r.npm.sankuai.com/encodeurl/download/encodeurl-2.0.0.tgz",
      "integrity": "sha1-e46omAd9fkCdOsRUdOo46vCFelg="
    },
    "engine.io": {
      "version": "6.6.4",
      "resolved": "http://r.npm.sankuai.com/engine.io/download/engine.io-6.6.4.tgz",
      "integrity": "sha1-Comj5rbB1LDCoqY3SV58FJ7I2O4=",
      "requires": {
        "@types/cors": "^2.8.12",
        "@types/node": ">=10.0.0",
        "accepts": "~1.3.4",
        "base64id": "2.0.0",
        "cookie": "~0.7.2",
        "cors": "~2.8.5",
        "debug": "~4.3.1",
        "engine.io-parser": "~5.2.1",
        "ws": "~8.17.1"
      },
      "dependencies": {
        "cookie": {
          "version": "0.7.2",
          "resolved": "http://r.npm.sankuai.com/cookie/download/cookie-0.7.2.tgz",
          "integrity": "sha1-VWNpxHKiupEPKXmJG1JrNDYjftc="
        },
        "debug": {
          "version": "4.3.7",
          "resolved": "http://r.npm.sankuai.com/debug/download/debug-4.3.7.tgz",
          "integrity": "sha1-h5RbQVGgEddtlaGY1xEchlw2ClI=",
          "requires": {
            "ms": "^2.1.3"
          }
        },
        "ms": {
          "version": "2.1.3",
          "resolved": "http://r.npm.sankuai.com/ms/download/ms-2.1.3.tgz",
          "integrity": "sha1-V0yBOM4dK1hh8LRFedut1gxmFbI="
        }
      }
    },
    "engine.io-parser": {
      "version": "5.2.3",
      "resolved": "http://r.npm.sankuai.com/engine.io-parser/download/engine.io-parser-5.2.3.tgz",
      "integrity": "sha1-ANxbl7HyM6I8k5jQIJUEz1+U2S8="
    },
    "es-define-property": {
      "version": "1.0.1",
      "resolved": "http://r.npm.sankuai.com/es-define-property/download/es-define-property-1.0.1.tgz",
      "integrity": "sha1-mD6y+aZyTpMD9hrd8BHHLgngsPo="
    },
    "es-errors": {
      "version": "1.3.0",
      "resolved": "http://r.npm.sankuai.com/es-errors/download/es-errors-1.3.0.tgz",
      "integrity": "sha1-BfdaJdq5jk+x3NXhRywFRtUFfI8="
    },
    "es-object-atoms": {
      "version": "1.1.1",
      "resolved": "http://r.npm.sankuai.com/es-object-atoms/download/es-object-atoms-1.1.1.tgz",
      "integrity": "sha1-HE8sSDcydZfOadLKGQp/3RcjOME=",
      "requires": {
        "es-errors": "^1.3.0"
      }
    },
    "escape-html": {
      "version": "1.0.3",
      "resolved": "http://r.npm.sankuai.com/escape-html/download/escape-html-1.0.3.tgz",
      "integrity": "sha1-Aljq5NPQwJdN4cFpGI7wBR0dGYg="
    },
    "etag": {
      "version": "1.8.1",
      "resolved": "http://r.npm.sankuai.com/etag/download/etag-1.8.1.tgz",
      "integrity": "sha1-Qa4u62XvpiJorr/qg6x9eSmbCIc="
    },
    "express": {
      "version": "4.21.2",
      "resolved": "http://r.npm.sankuai.com/express/download/express-4.21.2.tgz",
      "integrity": "sha1-zyUOSDYhdOrWzqSlZqvvAWLB7DI=",
      "requires": {
        "accepts": "~1.3.8",
        "array-flatten": "1.1.1",
        "body-parser": "1.20.3",
        "content-disposition": "0.5.4",
        "content-type": "~1.0.4",
        "cookie": "0.7.1",
        "cookie-signature": "1.0.6",
        "debug": "2.6.9",
        "depd": "2.0.0",
        "encodeurl": "~2.0.0",
        "escape-html": "~1.0.3",
        "etag": "~1.8.1",
        "finalhandler": "1.3.1",
        "fresh": "0.5.2",
        "http-errors": "2.0.0",
        "merge-descriptors": "1.0.3",
        "methods": "~1.1.2",
        "on-finished": "2.4.1",
        "parseurl": "~1.3.3",
        "path-to-regexp": "0.1.12",
        "proxy-addr": "~2.0.7",
        "qs": "6.13.0",
        "range-parser": "~1.2.1",
        "safe-buffer": "5.2.1",
        "send": "0.19.0",
        "serve-static": "1.16.2",
        "setprototypeof": "1.2.0",
        "statuses": "2.0.1",
        "type-is": "~1.6.18",
        "utils-merge": "1.0.1",
        "vary": "~1.1.2"
      }
    },
    "finalhandler": {
      "version": "1.3.1",
      "resolved": "http://r.npm.sankuai.com/finalhandler/download/finalhandler-1.3.1.tgz",
      "integrity": "sha1-DFdfHR0yTd0do1rX7OPffRkIgBk=",
      "requires": {
        "debug": "2.6.9",
        "encodeurl": "~2.0.0",
        "escape-html": "~1.0.3",
        "on-finished": "2.4.1",
        "parseurl": "~1.3.3",
        "statuses": "2.0.1",
        "unpipe": "~1.0.0"
      }
    },
    "forwarded": {
      "version": "0.2.0",
      "resolved": "http://r.npm.sankuai.com/forwarded/download/forwarded-0.2.0.tgz",
      "integrity": "sha1-ImmTZCiq1MFcfr6XeahL8LKoGBE="
    },
    "fresh": {
      "version": "0.5.2",
      "resolved": "http://r.npm.sankuai.com/fresh/download/fresh-0.5.2.tgz",
      "integrity": "sha1-PYyt2Q2XZWn6g1qx+OSyOhBWBac="
    },
    "function-bind": {
      "version": "1.1.2",
      "resolved": "http://r.npm.sankuai.com/function-bind/download/function-bind-1.1.2.tgz",
      "integrity": "sha1-LALYZNl/PqbIgwxGTL0Rq26rehw="
    },
    "get-intrinsic": {
      "version": "1.3.0",
      "resolved": "http://r.npm.sankuai.com/get-intrinsic/download/get-intrinsic-1.3.0.tgz",
      "integrity": "sha1-dD8OO2lkqTpUke0b/6rgVNf5jQE=",
      "requires": {
        "call-bind-apply-helpers": "^1.0.2",
        "es-define-property": "^1.0.1",
        "es-errors": "^1.3.0",
        "es-object-atoms": "^1.1.1",
        "function-bind": "^1.1.2",
        "get-proto": "^1.0.1",
        "gopd": "^1.2.0",
        "has-symbols": "^1.1.0",
        "hasown": "^2.0.2",
        "math-intrinsics": "^1.1.0"
      }
    },
    "get-proto": {
      "version": "1.0.1",
      "resolved": "http://r.npm.sankuai.com/get-proto/download/get-proto-1.0.1.tgz",
      "integrity": "sha1-FQs/J0OGnvPoUewMSdFbHRTQDuE=",
      "requires": {
        "dunder-proto": "^1.0.1",
        "es-object-atoms": "^1.0.0"
      }
    },
    "gopd": {
      "version": "1.2.0",
      "resolved": "http://r.npm.sankuai.com/gopd/download/gopd-1.2.0.tgz",
      "integrity": "sha1-ifVrghe9vIgCvSmd9tfxCB1+UaE="
    },
    "has-symbols": {
      "version": "1.1.0",
      "resolved": "http://r.npm.sankuai.com/has-symbols/download/has-symbols-1.1.0.tgz",
      "integrity": "sha1-/JxqeDoISVHQuXH+EBjegTcHozg="
    },
    "hasown": {
      "version": "2.0.2",
      "resolved": "http://r.npm.sankuai.com/hasown/download/hasown-2.0.2.tgz",
      "integrity": "sha1-AD6vkb563DcuhOxZ3DclLO24AAM=",
      "requires": {
        "function-bind": "^1.1.2"
      }
    },
    "http-errors": {
      "version": "2.0.0",
      "resolved": "http://r.npm.sankuai.com/http-errors/download/http-errors-2.0.0.tgz",
      "integrity": "sha1-t3dKFIbvc892Z6ya4IWMASxXudM=",
      "requires": {
        "depd": "2.0.0",
        "inherits": "2.0.4",
        "setprototypeof": "1.2.0",
        "statuses": "2.0.1",
        "toidentifier": "1.0.1"
      }
    },
    "iconv-lite": {
      "version": "0.4.24",
      "resolved": "http://r.npm.sankuai.com/iconv-lite/download/iconv-lite-0.4.24.tgz",
      "integrity": "sha1-ICK0sl+93CHS9SSXSkdKr+czkIs=",
      "requires": {
        "safer-buffer": ">= 2.1.2 < 3"
      }
    },
    "inherits": {
      "version": "2.0.4",
      "resolved": "http://r.npm.sankuai.com/inherits/download/inherits-2.0.4.tgz",
      "integrity": "sha1-D6LGT5MpF8NDOg3tVTY6rjdBa3w="
    },
    "ipaddr.js": {
      "version": "1.9.1",
      "resolved": "http://r.npm.sankuai.com/ipaddr.js/download/ipaddr.js-1.9.1.tgz",
      "integrity": "sha1-v/OFQ+64mEglB5/zoqjmy9RngbM="
    },
    "math-intrinsics": {
      "version": "1.1.0",
      "resolved": "http://r.npm.sankuai.com/math-intrinsics/download/math-intrinsics-1.1.0.tgz",
      "integrity": "sha1-oN10voHiqlwvJ+Zc4oNgXuTit/k="
    },
    "media-typer": {
      "version": "0.3.0",
      "resolved": "http://r.npm.sankuai.com/media-typer/download/media-typer-0.3.0.tgz",
      "integrity": "sha1-hxDXrwqmJvj/+hzgAWhUUmMlV0g="
    },
    "merge-descriptors": {
      "version": "1.0.3",
      "resolved": "http://r.npm.sankuai.com/merge-descriptors/download/merge-descriptors-1.0.3.tgz",
      "integrity": "sha1-2AMZpl88eTU1Hlz9rI+TGFBNvtU="
    },
    "methods": {
      "version": "1.1.2",
      "resolved": "http://r.npm.sankuai.com/methods/download/methods-1.1.2.tgz",
      "integrity": "sha1-VSmk1nZUE07cxSZmVoNbD4Ua/O4="
    },
    "mime": {
      "version": "1.6.0",
      "resolved": "http://r.npm.sankuai.com/mime/download/mime-1.6.0.tgz",
      "integrity": "sha1-Ms2eXGRVO9WNGaVor0Uqz/BJgbE="
    },
    "mime-db": {
      "version": "1.52.0",
      "resolved": "http://r.npm.sankuai.com/mime-db/download/mime-db-1.52.0.tgz",
      "integrity": "sha1-u6vNwChZ9JhzAchW4zh85exDv3A="
    },
    "mime-types": {
      "version": "2.1.35",
      "resolved": "http://r.npm.sankuai.com/mime-types/download/mime-types-2.1.35.tgz",
      "integrity": "sha1-OBqHG2KnNEUGYK497uRIE/cNlZo=",
      "requires": {
        "mime-db": "1.52.0"
      }
    },
    "morgan": {
      "version": "1.10.0",
      "resolved": "http://r.npm.sankuai.com/morgan/download/morgan-1.10.0.tgz",
      "integrity": "sha1-CRd4q8H8R801CYJGU9rh+qtrF9c=",
      "requires": {
        "basic-auth": "~2.0.1",
        "debug": "2.6.9",
        "depd": "~2.0.0",
        "on-finished": "~2.3.0",
        "on-headers": "~1.0.2"
      },
      "dependencies": {
        "on-finished": {
          "version": "2.3.0",
          "resolved": "http://r.npm.sankuai.com/on-finished/download/on-finished-2.3.0.tgz",
          "integrity": "sha1-IPEzZIGwg811M3mSoWlxqi2QaUc=",
          "requires": {
            "ee-first": "1.1.1"
          }
        }
      }
    },
    "ms": {
      "version": "2.0.0",
      "resolved": "http://r.npm.sankuai.com/ms/download/ms-2.0.0.tgz",
      "integrity": "sha1-VgiurfwAvmwpAd9fmGF4jeDVl8g="
    },
    "negotiator": {
      "version": "0.6.3",
      "resolved": "http://r.npm.sankuai.com/negotiator/download/negotiator-0.6.3.tgz",
      "integrity": "sha1-WOMjpy/twNb5zU0x/kn1FHlZDM0="
    },
    "nodejs-websocket": {
      "version": "1.7.2",
      "resolved": "http://r.npm.sankuai.com/nodejs-websocket/download/nodejs-websocket-1.7.2.tgz",
      "integrity": "sha1-lKvR4kj1fU0cZj3sODEBXG2tmKY="
    },
    "object-assign": {
      "version": "4.1.1",
      "resolved": "http://r.npm.sankuai.com/object-assign/download/object-assign-4.1.1.tgz",
      "integrity": "sha1-IQmtx5ZYh8/AXLvUQsrIv7s2CGM="
    },
    "object-inspect": {
      "version": "1.13.4",
      "resolved": "http://r.npm.sankuai.com/object-inspect/download/object-inspect-1.13.4.tgz",
      "integrity": "sha1-g3UmXiG8IND6WCwi4bE0hdbgAhM="
    },
    "on-finished": {
      "version": "2.4.1",
      "resolved": "http://r.npm.sankuai.com/on-finished/download/on-finished-2.4.1.tgz",
      "integrity": "sha1-WMjEQRblSEWtV/FKsQsDUzGErD8=",
      "requires": {
        "ee-first": "1.1.1"
      }
    },
    "on-headers": {
      "version": "1.0.2",
      "resolved": "http://r.npm.sankuai.com/on-headers/download/on-headers-1.0.2.tgz",
      "integrity": "sha1-dysK5qqlJcOZ5Imt+tkMQD6zwo8="
    },
    "parseurl": {
      "version": "1.3.3",
      "resolved": "http://r.npm.sankuai.com/parseurl/download/parseurl-1.3.3.tgz",
      "integrity": "sha1-naGee+6NEt/wUT7Vt2lXeTvC6NQ="
    },
    "path-to-regexp": {
      "version": "0.1.12",
      "resolved": "http://r.npm.sankuai.com/path-to-regexp/download/path-to-regexp-0.1.12.tgz",
      "integrity": "sha1-1eGhLkeKl21DLvPFjVNLmSMWS7c="
    },
    "proxy-addr": {
      "version": "2.0.7",
      "resolved": "http://r.npm.sankuai.com/proxy-addr/download/proxy-addr-2.0.7.tgz",
      "integrity": "sha1-8Z/mnOqzEe65S0LnDowgcPm6ECU=",
      "requires": {
        "forwarded": "0.2.0",
        "ipaddr.js": "1.9.1"
      }
    },
    "qs": {
      "version": "6.13.0",
      "resolved": "http://r.npm.sankuai.com/qs/download/qs-6.13.0.tgz",
      "integrity": "sha1-bKO9WEOffiRWVXmJl3h7DYilGQY=",
      "requires": {
        "side-channel": "^1.0.6"
      }
    },
    "range-parser": {
      "version": "1.2.1",
      "resolved": "http://r.npm.sankuai.com/range-parser/download/range-parser-1.2.1.tgz",
      "integrity": "sha1-PPNwI9GZ4cJNGlW4SADC8+ZGgDE="
    },
    "raw-body": {
      "version": "2.5.2",
      "resolved": "http://r.npm.sankuai.com/raw-body/download/raw-body-2.5.2.tgz",
      "integrity": "sha1-mf69g7kOCJdQh+jx+UGaFJNmtoo=",
      "requires": {
        "bytes": "3.1.2",
        "http-errors": "2.0.0",
        "iconv-lite": "0.4.24",
        "unpipe": "1.0.0"
      }
    },
    "safe-buffer": {
      "version": "5.2.1",
      "resolved": "http://r.npm.sankuai.com/safe-buffer/download/safe-buffer-5.2.1.tgz",
      "integrity": "sha1-Hq+fqb2x/dTsdfWPnNtOa3gn7sY="
    },
    "safer-buffer": {
      "version": "2.1.2",
      "resolved": "http://r.npm.sankuai.com/safer-buffer/download/safer-buffer-2.1.2.tgz",
      "integrity": "sha1-RPoWGwGHuVSd2Eu5GAL5vYOFzWo="
    },
    "send": {
      "version": "0.19.0",
      "resolved": "http://r.npm.sankuai.com/send/download/send-0.19.0.tgz",
      "integrity": "sha1-u8WjiMjqbASJZwSdvqwOSj8J1/g=",
      "requires": {
        "debug": "2.6.9",
        "depd": "2.0.0",
        "destroy": "1.2.0",
        "encodeurl": "~1.0.2",
        "escape-html": "~1.0.3",
        "etag": "~1.8.1",
        "fresh": "0.5.2",
        "http-errors": "2.0.0",
        "mime": "1.6.0",
        "ms": "2.1.3",
        "on-finished": "2.4.1",
        "range-parser": "~1.2.1",
        "statuses": "2.0.1"
      },
      "dependencies": {
        "encodeurl": {
          "version": "1.0.2",
          "resolved": "http://r.npm.sankuai.com/encodeurl/download/encodeurl-1.0.2.tgz",
          "integrity": "sha1-rT/0yG7C0CkyL1oCw6mmBslbP1k="
        },
        "ms": {
          "version": "2.1.3",
          "resolved": "http://r.npm.sankuai.com/ms/download/ms-2.1.3.tgz",
          "integrity": "sha1-V0yBOM4dK1hh8LRFedut1gxmFbI="
        }
      }
    },
    "serve-static": {
      "version": "1.16.2",
      "resolved": "http://r.npm.sankuai.com/serve-static/download/serve-static-1.16.2.tgz",
      "integrity": "sha1-tqU0PaR/a90mc4SL9FdUlB6AMpY=",
      "requires": {
        "encodeurl": "~2.0.0",
        "escape-html": "~1.0.3",
        "parseurl": "~1.3.3",
        "send": "0.19.0"
      }
    },
    "setprototypeof": {
      "version": "1.2.0",
      "resolved": "http://r.npm.sankuai.com/setprototypeof/download/setprototypeof-1.2.0.tgz",
      "integrity": "sha1-ZsmiSnP5/CjL5msJ/tPTPcrxtCQ="
    },
    "side-channel": {
      "version": "1.1.0",
      "resolved": "http://r.npm.sankuai.com/side-channel/download/side-channel-1.1.0.tgz",
      "integrity": "sha1-w/z/nE2pMnhIczNeyXZfqU/2a8k=",
      "requires": {
        "es-errors": "^1.3.0",
        "object-inspect": "^1.13.3",
        "side-channel-list": "^1.0.0",
        "side-channel-map": "^1.0.1",
        "side-channel-weakmap": "^1.0.2"
      }
    },
    "side-channel-list": {
      "version": "1.0.0",
      "resolved": "http://r.npm.sankuai.com/side-channel-list/download/side-channel-list-1.0.0.tgz",
      "integrity": "sha1-EMtZhCYxFdO3oOM2WR4pCoMK+K0=",
      "requires": {
        "es-errors": "^1.3.0",
        "object-inspect": "^1.13.3"
      }
    },
    "side-channel-map": {
      "version": "1.0.1",
      "resolved": "http://r.npm.sankuai.com/side-channel-map/download/side-channel-map-1.0.1.tgz",
      "integrity": "sha1-1rtrN5Asb+9RdOX1M/q0xzKib0I=",
      "requires": {
        "call-bound": "^1.0.2",
        "es-errors": "^1.3.0",
        "get-intrinsic": "^1.2.5",
        "object-inspect": "^1.13.3"
      }
    },
    "side-channel-weakmap": {
      "version": "1.0.2",
      "resolved": "http://r.npm.sankuai.com/side-channel-weakmap/download/side-channel-weakmap-1.0.2.tgz",
      "integrity": "sha1-Ed2hnVNo5Azp7CvcH7DsvAeQ7Oo=",
      "requires": {
        "call-bound": "^1.0.2",
        "es-errors": "^1.3.0",
        "get-intrinsic": "^1.2.5",
        "object-inspect": "^1.13.3",
        "side-channel-map": "^1.0.1"
      }
    },
    "socket.io": {
      "version": "4.8.1",
      "resolved": "http://r.npm.sankuai.com/socket.io/download/socket.io-4.8.1.tgz",
      "integrity": "sha1-+g6v+WXMl/30JF6NR5RhhFn3VYo=",
      "requires": {
        "accepts": "~1.3.4",
        "base64id": "~2.0.0",
        "cors": "~2.8.5",
        "debug": "~4.3.2",
        "engine.io": "~6.6.0",
        "socket.io-adapter": "~2.5.2",
        "socket.io-parser": "~4.2.4"
      },
      "dependencies": {
        "debug": {
          "version": "4.3.7",
          "resolved": "http://r.npm.sankuai.com/debug/download/debug-4.3.7.tgz",
          "integrity": "sha1-h5RbQVGgEddtlaGY1xEchlw2ClI=",
          "requires": {
            "ms": "^2.1.3"
          }
        },
        "ms": {
          "version": "2.1.3",
          "resolved": "http://r.npm.sankuai.com/ms/download/ms-2.1.3.tgz",
          "integrity": "sha1-V0yBOM4dK1hh8LRFedut1gxmFbI="
        }
      }
    },
    "socket.io-adapter": {
      "version": "2.5.5",
      "resolved": "http://r.npm.sankuai.com/socket.io-adapter/download/socket.io-adapter-2.5.5.tgz",
      "integrity": "sha1-x6H5xwPXdWhEdRtv+av8F4BmQII=",
      "requires": {
        "debug": "~4.3.4",
        "ws": "~8.17.1"
      },
      "dependencies": {
        "debug": {
          "version": "4.3.7",
          "resolved": "http://r.npm.sankuai.com/debug/download/debug-4.3.7.tgz",
          "integrity": "sha1-h5RbQVGgEddtlaGY1xEchlw2ClI=",
          "requires": {
            "ms": "^2.1.3"
          }
        },
        "ms": {
          "version": "2.1.3",
          "resolved": "http://r.npm.sankuai.com/ms/download/ms-2.1.3.tgz",
          "integrity": "sha1-V0yBOM4dK1hh8LRFedut1gxmFbI="
        }
      }
    },
    "socket.io-parser": {
      "version": "4.2.4",
      "resolved": "http://r.npm.sankuai.com/socket.io-parser/download/socket.io-parser-4.2.4.tgz",
      "integrity": "sha1-yAaWbPcnBgHkdGnd7sMPvf2kTIM=",
      "requires": {
        "@socket.io/component-emitter": "~3.1.0",
        "debug": "~4.3.1"
      },
      "dependencies": {
        "debug": {
          "version": "4.3.7",
          "resolved": "http://r.npm.sankuai.com/debug/download/debug-4.3.7.tgz",
          "integrity": "sha1-h5RbQVGgEddtlaGY1xEchlw2ClI=",
          "requires": {
            "ms": "^2.1.3"
          }
        },
        "ms": {
          "version": "2.1.3",
          "resolved": "http://r.npm.sankuai.com/ms/download/ms-2.1.3.tgz",
          "integrity": "sha1-V0yBOM4dK1hh8LRFedut1gxmFbI="
        }
      }
    },
    "statuses": {
      "version": "2.0.1",
      "resolved": "http://r.npm.sankuai.com/statuses/download/statuses-2.0.1.tgz",
      "integrity": "sha1-VcsADM8dSHKL0jxoWgY5mM8aG2M="
    },
    "toidentifier": {
      "version": "1.0.1",
      "resolved": "http://r.npm.sankuai.com/toidentifier/download/toidentifier-1.0.1.tgz",
      "integrity": "sha1-O+NDIaiKgg7RvYDfqjPkefu43TU="
    },
    "type-is": {
      "version": "1.6.18",
      "resolved": "http://r.npm.sankuai.com/type-is/download/type-is-1.6.18.tgz",
      "integrity": "sha1-TlUs0F3wlGfcvE73Od6J8s83wTE=",
      "requires": {
        "media-typer": "0.3.0",
        "mime-types": "~2.1.24"
      }
    },
    "undici-types": {
      "version": "6.20.0",
      "resolved": "http://r.npm.sankuai.com/undici-types/download/undici-types-6.20.0.tgz",
      "integrity": "sha1-gXG/IsH1iNFVTVW/IEvGJK84hDM="
    },
    "unpipe": {
      "version": "1.0.0",
      "resolved": "http://r.npm.sankuai.com/unpipe/download/unpipe-1.0.0.tgz",
      "integrity": "sha1-sr9O6FFKrmFltIF4KdIbLvSZBOw="
    },
    "utils-merge": {
      "version": "1.0.1",
      "resolved": "http://r.npm.sankuai.com/utils-merge/download/utils-merge-1.0.1.tgz",
      "integrity": "sha1-n5VxD1CiZ5R7LMwSR0HBAoQn5xM="
    },
    "vary": {
      "version": "1.1.2",
      "resolved": "http://r.npm.sankuai.com/vary/download/vary-1.1.2.tgz",
      "integrity": "sha1-IpnwLG3tMNSllhsLn3RSShj2NPw="
    },
    "ws": {
      "version": "8.17.1",
      "resolved": "http://r.npm.sankuai.com/ws/download/ws-8.17.1.tgz",
      "integrity": "sha1-kpPaUwu1SP68lTcdkPnIeHJ9kZs="
    }
  }
}
